
Microsoft Visual Studio Solution File, Format Version 12.00
# Visual Studio Version 16
VisualStudioVersion = 16.0.29709.97
MinimumVisualStudioVersion = 10.0.40219.1
Project("{FAE04EC0-301F-11D3-BF4B-00C04F79EFBC}") = "MarketAssistant", "MarketAssistant\MarketAssistant.csproj", "{33E08B44-84DE-43AE-9FB4-91E49BEBA20D}"
EndProject
Global
	GlobalSection(SolutionConfigurationPlatforms) = preSolution
		Debug|Any CPU = Debug|Any CPU
		Release|Any CPU = Release|Any CPU
	EndGlobalSection
	GlobalSection(ProjectConfigurationPlatforms) = postSolution
		{33E08B44-84DE-43AE-9FB4-91E49BEBA20D}.Debug|Any CPU.ActiveCfg = Debug|Any CPU
		{33E08B44-84DE-43AE-9FB4-91E49BEBA20D}.Debug|Any CPU.Build.0 = Debug|Any CPU
		{33E08B44-84DE-43AE-9FB4-91E49BEBA20D}.Release|Any CPU.ActiveCfg = Release|Any CPU
		{33E08B44-84DE-43AE-9FB4-91E49BEBA20D}.Release|Any CPU.Build.0 = Release|Any CPU
	EndGlobalSection
	GlobalSection(SolutionProperties) = preSolution
		HideSolutionNode = FALSE
	EndGlobalSection
	GlobalSection(ExtensibilityGlobals) = postSolution
		SolutionGuid = {F3E3C707-DE76-42C6-AB33-B999AB7D5C8A}
	EndGlobalSection
EndGlobal
