
Microsoft Visual Studio Solution File, Format Version 12.00
# Visual Studio Version 16
VisualStudioVersion = 16.0.29509.3
MinimumVisualStudioVersion = 10.0.40219.1
Project("{9A19103F-16F7-4668-BE54-9A1E7A4F7556}") = "test_qr_code", "test_qr_code\test_qr_code.csproj", "{35378D30-25E5-45DC-88F5-1794474BD3A5}"
EndProject
Global
	GlobalSection(SolutionConfigurationPlatforms) = preSolution
		Debug|Any CPU = Debug|Any CPU
		Release|Any CPU = Release|Any CPU
	EndGlobalSection
	GlobalSection(ProjectConfigurationPlatforms) = postSolution
		{35378D30-25E5-45DC-88F5-1794474BD3A5}.Debug|Any CPU.ActiveCfg = Debug|Any CPU
		{35378D30-25E5-45DC-88F5-1794474BD3A5}.Debug|Any CPU.Build.0 = Debug|Any CPU
		{35378D30-25E5-45DC-88F5-1794474BD3A5}.Release|Any CPU.ActiveCfg = Release|Any CPU
		{35378D30-25E5-45DC-88F5-1794474BD3A5}.Release|Any CPU.Build.0 = Release|Any CPU
	EndGlobalSection
	GlobalSection(SolutionProperties) = preSolution
		HideSolutionNode = FALSE
	EndGlobalSection
	GlobalSection(ExtensibilityGlobals) = postSolution
		SolutionGuid = {E34F52AF-B7E4-41DA-9A7B-FB14A40A9C24}
	EndGlobalSection
EndGlobal
